
Microsoft Visual Studio Solution File, Format Version 12.00
# Visual Studio Version 16
VisualStudioVersion = 16.0.30001.183
MinimumVisualStudioVersion = 10.0.40219.1
Project("{FAE04EC0-301F-11D3-BF4B-00C04F79EFBC}") = "Fuyutsuki", "Fuyutsuki\Fuyutsuki.csproj", "{6B64E42D-0F9F-4C69-9EE5-B949280401EB}"
EndProject
Global
	GlobalSection(SolutionConfigurationPlatforms) = preSolution
		Debug|Any CPU = Debug|Any CPU
		Release|Any CPU = Release|Any CPU
	EndGlobalSection
	GlobalSection(ProjectConfigurationPlatforms) = postSolution
		{6B64E42D-0F9F-4C69-9EE5-B949280401EB}.Debug|Any CPU.ActiveCfg = Debug|Any CPU
		{6B64E42D-0F9F-4C69-9EE5-B949280401EB}.Debug|Any CPU.Build.0 = Debug|Any CPU
		{6B64E42D-0F9F-4C69-9EE5-B949280401EB}.Release|Any CPU.ActiveCfg = Release|Any CPU
		{6B64E42D-0F9F-4C69-9EE5-B949280401EB}.Release|Any CPU.Build.0 = Release|Any CPU
	EndGlobalSection
	GlobalSection(SolutionProperties) = preSolution
		HideSolutionNode = FALSE
	EndGlobalSection
	GlobalSection(ExtensibilityGlobals) = postSolution
		SolutionGuid = {2F5D39AE-46C3-4A6A-9239-EBAF2E4E26DA}
	EndGlobalSection
EndGlobal
